
Microsoft Visual Studio Solution File, Format Version 12.00
# Visual Studio Version 16
VisualStudioVersion = 16.0.31402.337
MinimumVisualStudioVersion = 10.0.40219.1
Project("{9A19103F-16F7-4668-BE54-9A1E7A4F7556}") = "API", "API\API.csproj", "{424247C4-589D-4C55-B053-BD4F9C647A71}"
EndProject
Project("{2150E333-8FDC-42A3-9474-1A3956D46DE8}") = "Solution Items", "Solution Items", "{980F4668-06B0-4380-9917-A1B9FDE77A0A}"
	ProjectSection(SolutionItems) = preProject
		Readme.md = Readme.md
		Unimi_SOA_Api.postman_collection.json = Unimi_SOA_Api.postman_collection.json
	EndProjectSection
EndProject
Global
	GlobalSection(SolutionConfigurationPlatforms) = preSolution
		Debug|Any CPU = Debug|Any CPU
		Release|Any CPU = Release|Any CPU
	EndGlobalSection
	GlobalSection(ProjectConfigurationPlatforms) = postSolution
		{424247C4-589D-4C55-B053-BD4F9C647A71}.Debug|Any CPU.ActiveCfg = Debug|Any CPU
		{424247C4-589D-4C55-B053-BD4F9C647A71}.Debug|Any CPU.Build.0 = Debug|Any CPU
		{424247C4-589D-4C55-B053-BD4F9C647A71}.Release|Any CPU.ActiveCfg = Release|Any CPU
		{424247C4-589D-4C55-B053-BD4F9C647A71}.Release|Any CPU.Build.0 = Release|Any CPU
	EndGlobalSection
	GlobalSection(SolutionProperties) = preSolution
		HideSolutionNode = FALSE
	EndGlobalSection
	GlobalSection(ExtensibilityGlobals) = postSolution
		SolutionGuid = {5E3F1077-CD3C-4C51-A7D8-2859A1CCDF30}
	EndGlobalSection
EndGlobal
